
Microsoft Visual Studio Solution File, Format Version 12.00
# Visual Studio Version 16
VisualStudioVersion = 16.0.31005.135
MinimumVisualStudioVersion = 10.0.40219.1
Project("{FAE04EC0-301F-11D3-BF4B-00C04F79EFBC}") = "LesegaisParser", "LesegaisParser\LesegaisParser.csproj", "{5FF32F30-892D-4D6D-9570-3E2681A3495C}"
EndProject
Global
	GlobalSection(SolutionConfigurationPlatforms) = preSolution
		Debug|Any CPU = Debug|Any CPU
		Release|Any CPU = Release|Any CPU
	EndGlobalSection
	GlobalSection(ProjectConfigurationPlatforms) = postSolution
		{5FF32F30-892D-4D6D-9570-3E2681A3495C}.Debug|Any CPU.ActiveCfg = Debug|Any CPU
		{5FF32F30-892D-4D6D-9570-3E2681A3495C}.Debug|Any CPU.Build.0 = Debug|Any CPU
		{5FF32F30-892D-4D6D-9570-3E2681A3495C}.Release|Any CPU.ActiveCfg = Release|Any CPU
		{5FF32F30-892D-4D6D-9570-3E2681A3495C}.Release|Any CPU.Build.0 = Release|Any CPU
	EndGlobalSection
	GlobalSection(SolutionProperties) = preSolution
		HideSolutionNode = FALSE
	EndGlobalSection
	GlobalSection(ExtensibilityGlobals) = postSolution
		SolutionGuid = {B0A4194B-E394-4BFF-BB49-75BB40BCA829}
	EndGlobalSection
EndGlobal
